// !$*UTF8*$!
{
	archiveVersion = 1;
	classes = {
	};
	objectVersion = 48;
	objects = {

/* Begin PBXBuildFile section */
		261057F71F9F352E00CBF7B0 /* OurWork.storyboard in Resources */ = {isa = PBXBuildFile; fileRef = 261057F61F9F352E00CBF7B0 /* OurWork.storyboard */; };
		261057F91F9F3BBC00CBF7B0 /* AboutUs.storyboard in Resources */ = {isa = PBXBuildFile; fileRef = 261057F81F9F3BBC00CBF7B0 /* AboutUs.storyboard */; };
		261057FB1F9F566300CBF7B0 /* History.storyboard in Resources */ = {isa = PBXBuildFile; fileRef = 261057FA1F9F566300CBF7B0 /* History.storyboard */; };
		261057FD1F9F57FC00CBF7B0 /* Vision.storyboard in Resources */ = {isa = PBXBuildFile; fileRef = 261057FC1F9F57FC00CBF7B0 /* Vision.storyboard */; };
		261057FF1F9FA06000CBF7B0 /* Partners.storyboard in Resources */ = {isa = PBXBuildFile; fileRef = 261057FE1F9FA06000CBF7B0 /* Partners.storyboard */; };
		26152D691F9E1D8300DCFE1A /* CBMMedicalVC.swift in Sources */ = {isa = PBXBuildFile; fileRef = 26152D681F9E1D8300DCFE1A /* CBMMedicalVC.swift */; };
		26152D6B1F9E1DCC00DCFE1A /* logo_cbm_home.png in Resources */ = {isa = PBXBuildFile; fileRef = 26152D6A1F9E1DC000DCFE1A /* logo_cbm_home.png */; };
		26152D711F9F2BC000DCFE1A /* Question.storyboard in Resources */ = {isa = PBXBuildFile; fileRef = 26152D701F9F2BC000DCFE1A /* Question.storyboard */; };
		2616E5291F8BD192005C0A14 /* Hawo-Logo.png in Resources */ = {isa = PBXBuildFile; fileRef = 2616E5221F8B6F51005C0A14 /* Hawo-Logo.png */; };
		2616E52A1F8BD196005C0A14 /* Amcor-Logo.jpeg in Resources */ = {isa = PBXBuildFile; fileRef = 2616E5211F8B6F38005C0A14 /* Amcor-Logo.jpeg */; };
		2616E52B1F8BD198005C0A14 /* Belintra-Logo.jpg in Resources */ = {isa = PBXBuildFile; fileRef = 2616E5201F8B6F21005C0A14 /* Belintra-Logo.jpg */; };
		2616E52C1F8BD19C005C0A14 /* No-Image.jpg in Resources */ = {isa = PBXBuildFile; fileRef = 2616E5231F8B6F5C005C0A14 /* No-Image.jpg */; };
		2616E52D1F8BD19F005C0A14 /* Sonica-Logo.tif in Resources */ = {isa = PBXBuildFile; fileRef = 2616E5241F8B6F64005C0A14 /* Sonica-Logo.tif */; };
		2616E52E1F8BD1A2005C0A14 /* Steelco-Logo.png in Resources */ = {isa = PBXBuildFile; fileRef = 2616E5251F8B6F6C005C0A14 /* Steelco-Logo.png */; };
		2616E52F1F8BD1A5005C0A14 /* Sterimed-Logo.jpg in Resources */ = {isa = PBXBuildFile; fileRef = 2616E5261F8B6F75005C0A14 /* Sterimed-Logo.jpg */; };
		2616E5301F8BD1AA005C0A14 /* Soltec-Logo.TIF in Resources */ = {isa = PBXBuildFile; fileRef = 2616E5271F8BCF62005C0A14 /* Soltec-Logo.TIF */; };
		2616E5311F8BD1AD005C0A14 /* Printex-Logo.bmp in Resources */ = {isa = PBXBuildFile; fileRef = 2616E5281F8BCFE1005C0A14 /* Printex-Logo.bmp */; };
		2616E5361F8BD31A005C0A14 /* TestImage1.png in Resources */ = {isa = PBXBuildFile; fileRef = 2616E5341F8BD30A005C0A14 /* TestImage1.png */; };
		2616E5371F8BD31F005C0A14 /* TestImage2.png in Resources */ = {isa = PBXBuildFile; fileRef = 2616E5331F8BD308005C0A14 /* TestImage2.png */; };
		2616E5381F8BD322005C0A14 /* TestImage3.png in Resources */ = {isa = PBXBuildFile; fileRef = 2616E5321F8BD305005C0A14 /* TestImage3.png */; };
		2616E5391F8BD325005C0A14 /* TestImage4.png in Resources */ = {isa = PBXBuildFile; fileRef = 2616E5351F8BD30D005C0A14 /* TestImage4.png */; };
		2616E53B1F8BD3EF005C0A14 /* o nama.JPG in Resources */ = {isa = PBXBuildFile; fileRef = 2616E53A1F8BD3E2005C0A14 /* o nama.JPG */; };
		26392F0A1F81844E00B3D05B /* CallUsFile.swift in Sources */ = {isa = PBXBuildFile; fileRef = 26392F091F81844E00B3D05B /* CallUsFile.swift */; };
		26392F0C1F818B2100B3D05B /* AboutUsFile.swift in Sources */ = {isa = PBXBuildFile; fileRef = 26392F0B1F818B2100B3D05B /* AboutUsFile.swift */; };
		26392F0E1F818B4500B3D05B /* NewsFile.swift in Sources */ = {isa = PBXBuildFile; fileRef = 26392F0D1F818B4500B3D05B /* NewsFile.swift */; };
		26392F101F818B7300B3D05B /* OurWorkFile.swift in Sources */ = {isa = PBXBuildFile; fileRef = 26392F0F1F818B7300B3D05B /* OurWorkFile.swift */; };
		26392F121F818B9900B3D05B /* PartnersFile.swift in Sources */ = {isa = PBXBuildFile; fileRef = 26392F111F818B9900B3D05B /* PartnersFile.swift */; };
		26392F141F818BC300B3D05B /* ReachabilityFile.swift in Sources */ = {isa = PBXBuildFile; fileRef = 26392F131F818BC300B3D05B /* ReachabilityFile.swift */; };
		26392F161F818DBB00B3D05B /* AboutUsCell.swift in Sources */ = {isa = PBXBuildFile; fileRef = 26392F151F818DBB00B3D05B /* AboutUsCell.swift */; };
		26392F181F818DFA00B3D05B /* NewsCell.swift in Sources */ = {isa = PBXBuildFile; fileRef = 26392F171F818DFA00B3D05B /* NewsCell.swift */; };
		26392F1A1F818E5400B3D05B /* OurWorkCell.swift in Sources */ = {isa = PBXBuildFile; fileRef = 26392F191F818E5400B3D05B /* OurWorkCell.swift */; };
		26392F1C1F8190C800B3D05B /* AboutUsDetailsVC.swift in Sources */ = {isa = PBXBuildFile; fileRef = 26392F1B1F8190C800B3D05B /* AboutUsDetailsVC.swift */; };
		26392F1E1F8190EF00B3D05B /* AboutUsVC.swift in Sources */ = {isa = PBXBuildFile; fileRef = 26392F1D1F8190EF00B3D05B /* AboutUsVC.swift */; };
		26392F201F81914B00B3D05B /* OurWorkVC.swift in Sources */ = {isa = PBXBuildFile; fileRef = 26392F1F1F81914B00B3D05B /* OurWorkVC.swift */; };
		26392F221F81919E00B3D05B /* OurWorkDetailsVC.swift in Sources */ = {isa = PBXBuildFile; fileRef = 26392F211F81919E00B3D05B /* OurWorkDetailsVC.swift */; };
		26392F241F8191C900B3D05B /* CoreLocation.framework in Frameworks */ = {isa = PBXBuildFile; fileRef = 26392F231F8191C900B3D05B /* CoreLocation.framework */; };
		26392F261F8191D100B3D05B /* MapKit.framework in Frameworks */ = {isa = PBXBuildFile; fileRef = 26392F251F8191D100B3D05B /* MapKit.framework */; };
		26392F281F81920700B3D05B /* NewsVC.swift in Sources */ = {isa = PBXBuildFile; fileRef = 26392F271F81920700B3D05B /* NewsVC.swift */; };
		26392F2A1F81924E00B3D05B /* NewsDetailsVC.swift in Sources */ = {isa = PBXBuildFile; fileRef = 26392F291F81924E00B3D05B /* NewsDetailsVC.swift */; };
		26392F2C1F81929300B3D05B /* ContactVC.swift in Sources */ = {isa = PBXBuildFile; fileRef = 26392F2B1F81929300B3D05B /* ContactVC.swift */; };
		26392F2E1F81930C00B3D05B /* LocationVC.swift in Sources */ = {isa = PBXBuildFile; fileRef = 26392F2D1F81930C00B3D05B /* LocationVC.swift */; };
		26392F301F81939100B3D05B /* OurHistoryVC.swift in Sources */ = {isa = PBXBuildFile; fileRef = 26392F2F1F81939100B3D05B /* OurHistoryVC.swift */; };
		26392F321F8193C500B3D05B /* OurPartnersVC.swift in Sources */ = {isa = PBXBuildFile; fileRef = 26392F311F8193C500B3D05B /* OurPartnersVC.swift */; };
		26392F341F81941600B3D05B /* OurVisionVC.swift in Sources */ = {isa = PBXBuildFile; fileRef = 26392F331F81941600B3D05B /* OurVisionVC.swift */; };
		26392F361F81944200B3D05B /* RegistrationVC.swift in Sources */ = {isa = PBXBuildFile; fileRef = 26392F351F81944200B3D05B /* RegistrationVC.swift */; };
		26392F381F81948100B3D05B /* SendQuestionVC.swift in Sources */ = {isa = PBXBuildFile; fileRef = 26392F371F81948100B3D05B /* SendQuestionVC.swift */; };
		26392F3A1F8194EC00B3D05B /* Constants.swift in Sources */ = {isa = PBXBuildFile; fileRef = 26392F391F8194EC00B3D05B /* Constants.swift */; };
		26392F3B1F82504700B3D05B /* Main.storyboard in Resources */ = {isa = PBXBuildFile; fileRef = 26A76B691F81096600350D5F /* Main.storyboard */; };
		264C12751F8B6A20007BFD45 /* HawoVC.swift in Sources */ = {isa = PBXBuildFile; fileRef = 264C12741F8B6A20007BFD45 /* HawoVC.swift */; };
		264C12771F8B6A67007BFD45 /* AmcorVC.swift in Sources */ = {isa = PBXBuildFile; fileRef = 264C12761F8B6A67007BFD45 /* AmcorVC.swift */; };
		264E98CF1F891197007C0079 /* SterimedVC.swift in Sources */ = {isa = PBXBuildFile; fileRef = 264E98CE1F891197007C0079 /* SterimedVC.swift */; };
		264E98D11F8911E8007C0079 /* BelintraVC.swift in Sources */ = {isa = PBXBuildFile; fileRef = 264E98D01F8911E8007C0079 /* BelintraVC.swift */; };
		264E98D31F89120A007C0079 /* SteelcoVC.swift in Sources */ = {isa = PBXBuildFile; fileRef = 264E98D21F89120A007C0079 /* SteelcoVC.swift */; };
		264E98D51F89122F007C0079 /* SeltecVC.swift in Sources */ = {isa = PBXBuildFile; fileRef = 264E98D41F89122F007C0079 /* SeltecVC.swift */; };
		264E98D71F891253007C0079 /* PrintexVC.swift in Sources */ = {isa = PBXBuildFile; fileRef = 264E98D61F891253007C0079 /* PrintexVC.swift */; };
		26A76B661F81096600350D5F /* AppDelegate.swift in Sources */ = {isa = PBXBuildFile; fileRef = 26A76B651F81096600350D5F /* AppDelegate.swift */; };
		26A76B6D1F81096600350D5F /* Assets.xcassets in Resources */ = {isa = PBXBuildFile; fileRef = 26A76B6C1F81096600350D5F /* Assets.xcassets */; };
		26A76B701F81096600350D5F /* LaunchScreen.storyboard in Resources */ = {isa = PBXBuildFile; fileRef = 26A76B6E1F81096600350D5F /* LaunchScreen.storyboard */; };
		26A76B781F811EAF00350D5F /* GoogleService-Info.plist in Resources */ = {isa = PBXBuildFile; fileRef = 26A76B771F811EAE00350D5F /* GoogleService-Info.plist */; };
		26A76B821F81733500350D5F /* MainVC.swift in Sources */ = {isa = PBXBuildFile; fileRef = 26A76B811F81733500350D5F /* MainVC.swift */; };
		26A76B881F817D5700350D5F /* Poppins-Medium.ttf in Resources */ = {isa = PBXBuildFile; fileRef = 26A76B851F817D5200350D5F /* Poppins-Medium.ttf */; };
		26A76B891F817D5A00350D5F /* Poppins-Regular.ttf in Resources */ = {isa = PBXBuildFile; fileRef = 26A76B871F817D5200350D5F /* Poppins-Regular.ttf */; };
		26A76B8A1F817D5D00350D5F /* Poppins-SemiBold.ttf in Resources */ = {isa = PBXBuildFile; fileRef = 26A76B861F817D5200350D5F /* Poppins-SemiBold.ttf */; };
		26D28B571F9F329700CABC4A /* News.storyboard in Resources */ = {isa = PBXBuildFile; fileRef = 26D28B561F9F329700CABC4A /* News.storyboard */; };
		26DD82AA1F98C18B004DF7A8 /* sterilisation.png in Resources */ = {isa = PBXBuildFile; fileRef = 26DD82A91F98C17C004DF7A8 /* sterilisation.png */; };
		26DD82AC1F98C19C004DF7A8 /* pocetna.png in Resources */ = {isa = PBXBuildFile; fileRef = 26DD82AB1F98C196004DF7A8 /* pocetna.png */; };
		DC4F85162AE0C4202BD0EF50 /* Pods_DND.framework in Frameworks */ = {isa = PBXBuildFile; fileRef = 9989B1E6BCA5FC0974DA21F2 /* Pods_DND.framework */; };
/* End PBXBuildFile section */

/* Begin PBXFileReference section */
		261057F61F9F352E00CBF7B0 /* OurWork.storyboard */ = {isa = PBXFileReference; fileEncoding = 4; lastKnownFileType = file.storyboard; path = OurWork.storyboard; sourceTree = "<group>"; };
		261057F81F9F3BBC00CBF7B0 /* AboutUs.storyboard */ = {isa = PBXFileReference; fileEncoding = 4; lastKnownFileType = file.storyboard; name = AboutUs.storyboard; path = DND/AboutUs.storyboard; sourceTree = SOURCE_ROOT; };
		261057FA1F9F566300CBF7B0 /* History.storyboard */ = {isa = PBXFileReference; fileEncoding = 4; lastKnownFileType = file.storyboard; path = History.storyboard; sourceTree = "<group>"; };
		261057FC1F9F57FC00CBF7B0 /* Vision.storyboard */ = {isa = PBXFileReference; fileEncoding = 4; lastKnownFileType = file.storyboard; path = Vision.storyboard; sourceTree = "<group>"; };
		261057FE1F9FA06000CBF7B0 /* Partners.storyboard */ = {isa = PBXFileReference; fileEncoding = 4; lastKnownFileType = file.storyboard; path = Partners.storyboard; sourceTree = "<group>"; };
		26152D681F9E1D8300DCFE1A /* CBMMedicalVC.swift */ = {isa = PBXFileReference; lastKnownFileType = sourcecode.swift; path = CBMMedicalVC.swift; sourceTree = "<group>"; };
		26152D6A1F9E1DC000DCFE1A /* logo_cbm_home.png */ = {isa = PBXFileReference; lastKnownFileType = image.png; path = logo_cbm_home.png; sourceTree = "<group>"; };
		26152D701F9F2BC000DCFE1A /* Question.storyboard */ = {isa = PBXFileReference; fileEncoding = 4; lastKnownFileType = file.storyboard; name = Question.storyboard; path = DND/Question.storyboard; sourceTree = SOURCE_ROOT; };
		2616E5201F8B6F21005C0A14 /* Belintra-Logo.jpg */ = {isa = PBXFileReference; lastKnownFileType = image.jpeg; path = "Belintra-Logo.jpg"; sourceTree = SOURCE_ROOT; };
		2616E5211F8B6F38005C0A14 /* Amcor-Logo.jpeg */ = {isa = PBXFileReference; lastKnownFileType = image.jpeg; path = "Amcor-Logo.jpeg"; sourceTree = SOURCE_ROOT; };
		2616E5221F8B6F51005C0A14 /* Hawo-Logo.png */ = {isa = PBXFileReference; lastKnownFileType = image.png; path = "Hawo-Logo.png"; sourceTree = SOURCE_ROOT; };
		2616E5231F8B6F5C005C0A14 /* No-Image.jpg */ = {isa = PBXFileReference; lastKnownFileType = image.jpeg; path = "No-Image.jpg"; sourceTree = SOURCE_ROOT; };
		2616E5241F8B6F64005C0A14 /* Sonica-Logo.tif */ = {isa = PBXFileReference; lastKnownFileType = image.tiff; path = "Sonica-Logo.tif"; sourceTree = SOURCE_ROOT; };
		2616E5251F8B6F6C005C0A14 /* Steelco-Logo.png */ = {isa = PBXFileReference; lastKnownFileType = image.png; path = "Steelco-Logo.png"; sourceTree = SOURCE_ROOT; };
		2616E5261F8B6F75005C0A14 /* Sterimed-Logo.jpg */ = {isa = PBXFileReference; lastKnownFileType = image.jpeg; path = "Sterimed-Logo.jpg"; sourceTree = SOURCE_ROOT; };
		2616E5271F8BCF62005C0A14 /* Soltec-Logo.TIF */ = {isa = PBXFileReference; lastKnownFileType = image.tiff; path = "Soltec-Logo.TIF"; sourceTree = "<group>"; };
		2616E5281F8BCFE1005C0A14 /* Printex-Logo.bmp */ = {isa = PBXFileReference; lastKnownFileType = image.bmp; path = "Printex-Logo.bmp"; sourceTree = "<group>"; };
		2616E5321F8BD305005C0A14 /* TestImage3.png */ = {isa = PBXFileReference; lastKnownFileType = image.png; path = TestImage3.png; sourceTree = "<group>"; };
		2616E5331F8BD308005C0A14 /* TestImage2.png */ = {isa = PBXFileReference; lastKnownFileType = image.png; path = TestImage2.png; sourceTree = "<group>"; };
		2616E5341F8BD30A005C0A14 /* TestImage1.png */ = {isa = PBXFileReference; lastKnownFileType = image.png; path = TestImage1.png; sourceTree = "<group>"; };
		2616E5351F8BD30D005C0A14 /* TestImage4.png */ = {isa = PBXFileReference; lastKnownFileType = image.png; path = TestImage4.png; sourceTree = "<group>"; };
		2616E53A1F8BD3E2005C0A14 /* o nama.JPG */ = {isa = PBXFileReference; lastKnownFileType = image.jpeg; path = "o nama.JPG"; sourceTree = "<group>"; };
		26392F091F81844E00B3D05B /* CallUsFile.swift */ = {isa = PBXFileReference; lastKnownFileType = sourcecode.swift; path = CallUsFile.swift; sourceTree = "<group>"; };
		26392F0B1F818B2100B3D05B /* AboutUsFile.swift */ = {isa = PBXFileReference; lastKnownFileType = sourcecode.swift; path = AboutUsFile.swift; sourceTree = "<group>"; };
		26392F0D1F818B4500B3D05B /* NewsFile.swift */ = {isa = PBXFileReference; lastKnownFileType = sourcecode.swift; path = NewsFile.swift; sourceTree = "<group>"; };
		26392F0F1F818B7300B3D05B /* OurWorkFile.swift */ = {isa = PBXFileReference; lastKnownFileType = sourcecode.swift; path = OurWorkFile.swift; sourceTree = "<group>"; };
		26392F111F818B9900B3D05B /* PartnersFile.swift */ = {isa = PBXFileReference; lastKnownFileType = sourcecode.swift; path = PartnersFile.swift; sourceTree = "<group>"; };
		26392F131F818BC300B3D05B /* ReachabilityFile.swift */ = {isa = PBXFileReference; lastKnownFileType = sourcecode.swift; path = ReachabilityFile.swift; sourceTree = "<group>"; };
		26392F151F818DBB00B3D05B /* AboutUsCell.swift */ = {isa = PBXFileReference; lastKnownFileType = sourcecode.swift; path = AboutUsCell.swift; sourceTree = "<group>"; };
		26392F171F818DFA00B3D05B /* NewsCell.swift */ = {isa = PBXFileReference; lastKnownFileType = sourcecode.swift; path = NewsCell.swift; sourceTree = "<group>"; };
		26392F191F818E5400B3D05B /* OurWorkCell.swift */ = {isa = PBXFileReference; lastKnownFileType = sourcecode.swift; path = OurWorkCell.swift; sourceTree = "<group>"; };
		26392F1B1F8190C800B3D05B /* AboutUsDetailsVC.swift */ = {isa = PBXFileReference; lastKnownFileType = sourcecode.swift; path = AboutUsDetailsVC.swift; sourceTree = "<group>"; };
		26392F1D1F8190EF00B3D05B /* AboutUsVC.swift */ = {isa = PBXFileReference; lastKnownFileType = sourcecode.swift; path = AboutUsVC.swift; sourceTree = "<group>"; };
		26392F1F1F81914B00B3D05B /* OurWorkVC.swift */ = {isa = PBXFileReference; lastKnownFileType = sourcecode.swift; path = OurWorkVC.swift; sourceTree = "<group>"; };
		26392F211F81919E00B3D05B /* OurWorkDetailsVC.swift */ = {isa = PBXFileReference; lastKnownFileType = sourcecode.swift; path = OurWorkDetailsVC.swift; sourceTree = "<group>"; };
		26392F231F8191C900B3D05B /* CoreLocation.framework */ = {isa = PBXFileReference; lastKnownFileType = wrapper.framework; name = CoreLocation.framework; path = System/Library/Frameworks/CoreLocation.framework; sourceTree = SDKROOT; };
		26392F251F8191D100B3D05B /* MapKit.framework */ = {isa = PBXFileReference; lastKnownFileType = wrapper.framework; name = MapKit.framework; path = System/Library/Frameworks/MapKit.framework; sourceTree = SDKROOT; };
		26392F271F81920700B3D05B /* NewsVC.swift */ = {isa = PBXFileReference; lastKnownFileType = sourcecode.swift; path = NewsVC.swift; sourceTree = "<group>"; };
		26392F291F81924E00B3D05B /* NewsDetailsVC.swift */ = {isa = PBXFileReference; lastKnownFileType = sourcecode.swift; path = NewsDetailsVC.swift; sourceTree = "<group>"; };
		26392F2B1F81929300B3D05B /* ContactVC.swift */ = {isa = PBXFileReference; lastKnownFileType = sourcecode.swift; path = ContactVC.swift; sourceTree = "<group>"; };
		26392F2D1F81930C00B3D05B /* LocationVC.swift */ = {isa = PBXFileReference; lastKnownFileType = sourcecode.swift; path = LocationVC.swift; sourceTree = "<group>"; };
		26392F2F1F81939100B3D05B /* OurHistoryVC.swift */ = {isa = PBXFileReference; lastKnownFileType = sourcecode.swift; path = OurHistoryVC.swift; sourceTree = "<group>"; };
		26392F311F8193C500B3D05B /* OurPartnersVC.swift */ = {isa = PBXFileReference; lastKnownFileType = sourcecode.swift; path = OurPartnersVC.swift; sourceTree = "<group>"; };
		26392F331F81941600B3D05B /* OurVisionVC.swift */ = {isa = PBXFileReference; lastKnownFileType = sourcecode.swift; path = OurVisionVC.swift; sourceTree = "<group>"; };
		26392F351F81944200B3D05B /* RegistrationVC.swift */ = {isa = PBXFileReference; lastKnownFileType = sourcecode.swift; path = RegistrationVC.swift; sourceTree = "<group>"; };
		26392F371F81948100B3D05B /* SendQuestionVC.swift */ = {isa = PBXFileReference; lastKnownFileType = sourcecode.swift; path = SendQuestionVC.swift; sourceTree = "<group>"; };
		26392F391F8194EC00B3D05B /* Constants.swift */ = {isa = PBXFileReference; lastKnownFileType = sourcecode.swift; path = Constants.swift; sourceTree = "<group>"; };
		264C12741F8B6A20007BFD45 /* HawoVC.swift */ = {isa = PBXFileReference; lastKnownFileType = sourcecode.swift; path = HawoVC.swift; sourceTree = "<group>"; };
		264C12761F8B6A67007BFD45 /* AmcorVC.swift */ = {isa = PBXFileReference; lastKnownFileType = sourcecode.swift; path = AmcorVC.swift; sourceTree = "<group>"; };
		264E98CE1F891197007C0079 /* SterimedVC.swift */ = {isa = PBXFileReference; lastKnownFileType = sourcecode.swift; path = SterimedVC.swift; sourceTree = "<group>"; };
		264E98D01F8911E8007C0079 /* BelintraVC.swift */ = {isa = PBXFileReference; lastKnownFileType = sourcecode.swift; path = BelintraVC.swift; sourceTree = "<group>"; };
		264E98D21F89120A007C0079 /* SteelcoVC.swift */ = {isa = PBXFileReference; lastKnownFileType = sourcecode.swift; path = SteelcoVC.swift; sourceTree = "<group>"; };
		264E98D41F89122F007C0079 /* SeltecVC.swift */ = {isa = PBXFileReference; lastKnownFileType = sourcecode.swift; path = SeltecVC.swift; sourceTree = "<group>"; };
		264E98D61F891253007C0079 /* PrintexVC.swift */ = {isa = PBXFileReference; lastKnownFileType = sourcecode.swift; path = PrintexVC.swift; sourceTree = "<group>"; };
		26A76B621F81096600350D5F /* DND.app */ = {isa = PBXFileReference; explicitFileType = wrapper.application; includeInIndex = 0; path = DND.app; sourceTree = BUILT_PRODUCTS_DIR; };
		26A76B651F81096600350D5F /* AppDelegate.swift */ = {isa = PBXFileReference; lastKnownFileType = sourcecode.swift; path = AppDelegate.swift; sourceTree = "<group>"; };
		26A76B6A1F81096600350D5F /* Base */ = {isa = PBXFileReference; lastKnownFileType = file.storyboard; name = Base; path = Base.lproj/Main.storyboard; sourceTree = "<group>"; };
		26A76B6C1F81096600350D5F /* Assets.xcassets */ = {isa = PBXFileReference; lastKnownFileType = folder.assetcatalog; path = Assets.xcassets; sourceTree = "<group>"; };
		26A76B6F1F81096600350D5F /* Base */ = {isa = PBXFileReference; lastKnownFileType = file.storyboard; name = Base; path = Base.lproj/LaunchScreen.storyboard; sourceTree = "<group>"; };
		26A76B711F81096600350D5F /* Info.plist */ = {isa = PBXFileReference; lastKnownFileType = text.plist.xml; path = Info.plist; sourceTree = "<group>"; };
		26A76B771F811EAE00350D5F /* GoogleService-Info.plist */ = {isa = PBXFileReference; fileEncoding = 4; lastKnownFileType = text.plist.xml; path = "GoogleService-Info.plist"; sourceTree = "<group>"; };
		26A76B791F81214B00350D5F /* DND.entitlements */ = {isa = PBXFileReference; lastKnownFileType = text.plist.entitlements; path = DND.entitlements; sourceTree = "<group>"; };
		26A76B811F81733500350D5F /* MainVC.swift */ = {isa = PBXFileReference; lastKnownFileType = sourcecode.swift; path = MainVC.swift; sourceTree = "<group>"; };
		26A76B851F817D5200350D5F /* Poppins-Medium.ttf */ = {isa = PBXFileReference; lastKnownFileType = file; path = "Poppins-Medium.ttf"; sourceTree = "<group>"; };
		26A76B861F817D5200350D5F /* Poppins-SemiBold.ttf */ = {isa = PBXFileReference; lastKnownFileType = file; path = "Poppins-SemiBold.ttf"; sourceTree = "<group>"; };
		26A76B871F817D5200350D5F /* Poppins-Regular.ttf */ = {isa = PBXFileReference; lastKnownFileType = file; path = "Poppins-Regular.ttf"; sourceTree = "<group>"; };
		26D28B561F9F329700CABC4A /* News.storyboard */ = {isa = PBXFileReference; fileEncoding = 4; lastKnownFileType = file.storyboard; name = News.storyboard; path = DND/News.storyboard; sourceTree = SOURCE_ROOT; };
		26DD82A91F98C17C004DF7A8 /* sterilisation.png */ = {isa = PBXFileReference; lastKnownFileType = image.png; path = sterilisation.png; sourceTree = "<group>"; };
		26DD82AB1F98C196004DF7A8 /* pocetna.png */ = {isa = PBXFileReference; lastKnownFileType = image.png; path = pocetna.png; sourceTree = "<group>"; };
		2E657093E0DE14119434FBAC /* Pods-DND.debug.xcconfig */ = {isa = PBXFileReference; includeInIndex = 1; lastKnownFileType = text.xcconfig; name = "Pods-DND.debug.xcconfig"; path = "Pods/Target Support Files/Pods-DND/Pods-DND.debug.xcconfig"; sourceTree = "<group>"; };
		41F6DDF8C03CABF001FB1FD8 /* Pods-DND.release.xcconfig */ = {isa = PBXFileReference; includeInIndex = 1; lastKnownFileType = text.xcconfig; name = "Pods-DND.release.xcconfig"; path = "Pods/Target Support Files/Pods-DND/Pods-DND.release.xcconfig"; sourceTree = "<group>"; };
		9989B1E6BCA5FC0974DA21F2 /* Pods_DND.framework */ = {isa = PBXFileReference; explicitFileType = wrapper.framework; includeInIndex = 0; path = Pods_DND.framework; sourceTree = BUILT_PRODUCTS_DIR; };
/* End PBXFileReference section */

/* Begin PBXFrameworksBuildPhase section */
		26A76B5F1F81096600350D5F /* Frameworks */ = {
			isa = PBXFrameworksBuildPhase;
			buildActionMask = 2147483647;
			files = (
				26392F261F8191D100B3D05B /* MapKit.framework in Frameworks */,
				26392F241F8191C900B3D05B /* CoreLocation.framework in Frameworks */,
				DC4F85162AE0C4202BD0EF50 /* Pods_DND.framework in Frameworks */,
			);
			runOnlyForDeploymentPostprocessing = 0;
		};
/* End PBXFrameworksBuildPhase section */

/* Begin PBXGroup section */
		076566498F7F7EBE5F41A72B /* Frameworks */ = {
			isa = PBXGroup;
			children = (
				26392F251F8191D100B3D05B /* MapKit.framework */,
				26392F231F8191C900B3D05B /* CoreLocation.framework */,
				9989B1E6BCA5FC0974DA21F2 /* Pods_DND.framework */,
			);
			name = Frameworks;
			sourceTree = "<group>";
		};
		26A76B591F81096600350D5F = {
			isa = PBXGroup;
			children = (
				26A76B641F81096600350D5F /* DND */,
				26A76B631F81096600350D5F /* Products */,
				B7FE9D4D8E65F6268CA26351 /* Pods */,
				076566498F7F7EBE5F41A72B /* Frameworks */,
			);
			sourceTree = "<group>";
		};
		26A76B631F81096600350D5F /* Products */ = {
			isa = PBXGroup;
			children = (
				26A76B621F81096600350D5F /* DND.app */,
			);
			name = Products;
			sourceTree = "<group>";
		};
		26A76B641F81096600350D5F /* DND */ = {
			isa = PBXGroup;
			children = (
				26A76B791F81214B00350D5F /* DND.entitlements */,
				26A76B651F81096600350D5F /* AppDelegate.swift */,
				26A76B7C1F81729800350D5F /* Model */,
				26A76B7D1F8172A600350D5F /* View */,
				26A76B7E1F8172AE00350D5F /* Controller */,
				26A76B7F1F8172BC00350D5F /* Utilities */,
				26A76B801F8172C800350D5F /* Resaurces */,
				26A76B691F81096600350D5F /* Main.storyboard */,
				261057FE1F9FA06000CBF7B0 /* Partners.storyboard */,
				261057FC1F9F57FC00CBF7B0 /* Vision.storyboard */,
				261057FA1F9F566300CBF7B0 /* History.storyboard */,
				261057F81F9F3BBC00CBF7B0 /* AboutUs.storyboard */,
				261057F61F9F352E00CBF7B0 /* OurWork.storyboard */,
				26D28B561F9F329700CABC4A /* News.storyboard */,
				26152D701F9F2BC000DCFE1A /* Question.storyboard */,
				26A76B6C1F81096600350D5F /* Assets.xcassets */,
				26A76B6E1F81096600350D5F /* LaunchScreen.storyboard */,
				26A76B771F811EAE00350D5F /* GoogleService-Info.plist */,
				26A76B711F81096600350D5F /* Info.plist */,
			);
			path = DND;
			sourceTree = "<group>";
		};
		26A76B7C1F81729800350D5F /* Model */ = {
			isa = PBXGroup;
			children = (
				26392F0B1F818B2100B3D05B /* AboutUsFile.swift */,
				26392F091F81844E00B3D05B /* CallUsFile.swift */,
				26392F0D1F818B4500B3D05B /* NewsFile.swift */,
				26392F0F1F818B7300B3D05B /* OurWorkFile.swift */,
				26392F111F818B9900B3D05B /* PartnersFile.swift */,
				26392F131F818BC300B3D05B /* ReachabilityFile.swift */,
			);
			path = Model;
			sourceTree = "<group>";
		};
		26A76B7D1F8172A600350D5F /* View */ = {
			isa = PBXGroup;
			children = (
				26392F151F818DBB00B3D05B /* AboutUsCell.swift */,
				26392F171F818DFA00B3D05B /* NewsCell.swift */,
				26392F191F818E5400B3D05B /* OurWorkCell.swift */,
			);
			path = View;
			sourceTree = "<group>";
		};
		26A76B7E1F8172AE00350D5F /* Controller */ = {
			isa = PBXGroup;
			children = (
				26A76B811F81733500350D5F /* MainVC.swift */,
				26392F1D1F8190EF00B3D05B /* AboutUsVC.swift */,
				26392F1B1F8190C800B3D05B /* AboutUsDetailsVC.swift */,
				26392F1F1F81914B00B3D05B /* OurWorkVC.swift */,
				26392F211F81919E00B3D05B /* OurWorkDetailsVC.swift */,
				26392F271F81920700B3D05B /* NewsVC.swift */,
				26392F291F81924E00B3D05B /* NewsDetailsVC.swift */,
				26392F2B1F81929300B3D05B /* ContactVC.swift */,
				26392F2D1F81930C00B3D05B /* LocationVC.swift */,
				26392F2F1F81939100B3D05B /* OurHistoryVC.swift */,
				26392F311F8193C500B3D05B /* OurPartnersVC.swift */,
				26392F331F81941600B3D05B /* OurVisionVC.swift */,
				26392F351F81944200B3D05B /* RegistrationVC.swift */,
				26392F371F81948100B3D05B /* SendQuestionVC.swift */,
			);
			path = Controller;
			sourceTree = "<group>";
		};
		26A76B7F1F8172BC00350D5F /* Utilities */ = {
			isa = PBXGroup;
			children = (
				264E98D01F8911E8007C0079 /* BelintraVC.swift */,
				26392F391F8194EC00B3D05B /* Constants.swift */,
				264E98CE1F891197007C0079 /* SterimedVC.swift */,
				264E98D21F89120A007C0079 /* SteelcoVC.swift */,
				264E98D41F89122F007C0079 /* SeltecVC.swift */,
				264E98D61F891253007C0079 /* PrintexVC.swift */,
				264C12741F8B6A20007BFD45 /* HawoVC.swift */,
				264C12761F8B6A67007BFD45 /* AmcorVC.swift */,
				26152D681F9E1D8300DCFE1A /* CBMMedicalVC.swift */,
			);
			path = Utilities;
			sourceTree = "<group>";
		};
		26A76B801F8172C800350D5F /* Resaurces */ = {
			isa = PBXGroup;
			children = (
				26DD82A81F98C165004DF7A8 /* Test Images */,
				26A76B841F817D0D00350D5F /* Partners Images */,
				26A76B831F817D0600350D5F /* Fonts */,
			);
			path = Resaurces;
			sourceTree = "<group>";
		};
		26A76B831F817D0600350D5F /* Fonts */ = {
			isa = PBXGroup;
			children = (
				26A76B851F817D5200350D5F /* Poppins-Medium.ttf */,
				26A76B871F817D5200350D5F /* Poppins-Regular.ttf */,
				26A76B861F817D5200350D5F /* Poppins-SemiBold.ttf */,
			);
			path = Fonts;
			sourceTree = "<group>";
		};
		26A76B841F817D0D00350D5F /* Partners Images */ = {
			isa = PBXGroup;
			children = (
				26152D6A1F9E1DC000DCFE1A /* logo_cbm_home.png */,
				2616E53A1F8BD3E2005C0A14 /* o nama.JPG */,
				2616E5341F8BD30A005C0A14 /* TestImage1.png */,
				2616E5331F8BD308005C0A14 /* TestImage2.png */,
				2616E5321F8BD305005C0A14 /* TestImage3.png */,
				2616E5351F8BD30D005C0A14 /* TestImage4.png */,
				2616E5281F8BCFE1005C0A14 /* Printex-Logo.bmp */,
				2616E5271F8BCF62005C0A14 /* Soltec-Logo.TIF */,
				2616E5261F8B6F75005C0A14 /* Sterimed-Logo.jpg */,
				2616E5251F8B6F6C005C0A14 /* Steelco-Logo.png */,
				2616E5241F8B6F64005C0A14 /* Sonica-Logo.tif */,
				2616E5231F8B6F5C005C0A14 /* No-Image.jpg */,
				2616E5221F8B6F51005C0A14 /* Hawo-Logo.png */,
				2616E5211F8B6F38005C0A14 /* Amcor-Logo.jpeg */,
				2616E5201F8B6F21005C0A14 /* Belintra-Logo.jpg */,
			);
			path = "Partners Images";
			sourceTree = "<group>";
		};
		26DD82A81F98C165004DF7A8 /* Test Images */ = {
			isa = PBXGroup;
			children = (
				26DD82AB1F98C196004DF7A8 /* pocetna.png */,
				26DD82A91F98C17C004DF7A8 /* sterilisation.png */,
			);
			path = "Test Images";
			sourceTree = "<group>";
		};
		B7FE9D4D8E65F6268CA26351 /* Pods */ = {
			isa = PBXGroup;
			children = (
				2E657093E0DE14119434FBAC /* Pods-DND.debug.xcconfig */,
				41F6DDF8C03CABF001FB1FD8 /* Pods-DND.release.xcconfig */,
			);
			name = Pods;
			sourceTree = "<group>";
		};
/* End PBXGroup section */

/* Begin PBXNativeTarget section */
		26A76B611F81096600350D5F /* DND */ = {
			isa = PBXNativeTarget;
			buildConfigurationList = 26A76B741F81096600350D5F /* Build configuration list for PBXNativeTarget "DND" */;
			buildPhases = (
				6B9CD48380F97828CCB6BBBB /* [CP] Check Pods Manifest.lock */,
				26A76B5E1F81096600350D5F /* Sources */,
				26A76B5F1F81096600350D5F /* Frameworks */,
				26A76B601F81096600350D5F /* Resources */,
				B2590B6BA23764519D1849F9 /* [CP] Embed Pods Frameworks */,
				51D2F07DF980C024844E677F /* [CP] Copy Pods Resources */,
			);
			buildRules = (
			);
			dependencies = (
			);
			name = DND;
			productName = DND;
			productReference = 26A76B621F81096600350D5F /* DND.app */;
			productType = "com.apple.product-type.application";
		};
/* End PBXNativeTarget section */

/* Begin PBXProject section */
		26A76B5A1F81096600350D5F /* Project object */ = {
			isa = PBXProject;
			attributes = {
				LastSwiftUpdateCheck = 0900;
				LastUpgradeCheck = 0910;
				ORGANIZATIONNAME = "Milos Hovjecki";
				TargetAttributes = {
					26A76B611F81096600350D5F = {
						CreatedOnToolsVersion = 9.0;
						ProvisioningStyle = Automatic;
						SystemCapabilities = {
							com.apple.Maps.iOS = {
								enabled = 1;
							};
							com.apple.Push = {
								enabled = 1;
							};
						};
					};
				};
			};
			buildConfigurationList = 26A76B5D1F81096600350D5F /* Build configuration list for PBXProject "DND" */;
			compatibilityVersion = "Xcode 8.0";
			developmentRegion = en;
			hasScannedForEncodings = 0;
			knownRegions = (
				en,
				Base,
			);
			mainGroup = 26A76B591F81096600350D5F;
			productRefGroup = 26A76B631F81096600350D5F /* Products */;
			projectDirPath = "";
			projectRoot = "";
			targets = (
				26A76B611F81096600350D5F /* DND */,
			);
		};
/* End PBXProject section */

/* Begin PBXResourcesBuildPhase section */
		26A76B601F81096600350D5F /* Resources */ = {
			isa = PBXResourcesBuildPhase;
			buildActionMask = 2147483647;
			files = (
				2616E5391F8BD325005C0A14 /* TestImage4.png in Resources */,
				26392F3B1F82504700B3D05B /* Main.storyboard in Resources */,
				2616E5361F8BD31A005C0A14 /* TestImage1.png in Resources */,
				2616E52E1F8BD1A2005C0A14 /* Steelco-Logo.png in Resources */,
				26152D6B1F9E1DCC00DCFE1A /* logo_cbm_home.png in Resources */,
				26A76B701F81096600350D5F /* LaunchScreen.storyboard in Resources */,
				26A76B8A1F817D5D00350D5F /* Poppins-SemiBold.ttf in Resources */,
				2616E52B1F8BD198005C0A14 /* Belintra-Logo.jpg in Resources */,
				2616E5311F8BD1AD005C0A14 /* Printex-Logo.bmp in Resources */,
				2616E52C1F8BD19C005C0A14 /* No-Image.jpg in Resources */,
				261057F91F9F3BBC00CBF7B0 /* AboutUs.storyboard in Resources */,
				26A76B781F811EAF00350D5F /* GoogleService-Info.plist in Resources */,
				2616E53B1F8BD3EF005C0A14 /* o nama.JPG in Resources */,
				26D28B571F9F329700CABC4A /* News.storyboard in Resources */,
				2616E5301F8BD1AA005C0A14 /* Soltec-Logo.TIF in Resources */,
				26A76B6D1F81096600350D5F /* Assets.xcassets in Resources */,
				2616E5381F8BD322005C0A14 /* TestImage3.png in Resources */,
				26DD82AC1F98C19C004DF7A8 /* pocetna.png in Resources */,
				2616E5291F8BD192005C0A14 /* Hawo-Logo.png in Resources */,
				2616E52A1F8BD196005C0A14 /* Amcor-Logo.jpeg in Resources */,
				26A76B891F817D5A00350D5F /* Poppins-Regular.ttf in Resources */,
				2616E5371F8BD31F005C0A14 /* TestImage2.png in Resources */,
				261057FB1F9F566300CBF7B0 /* History.storyboard in Resources */,
				261057F71F9F352E00CBF7B0 /* OurWork.storyboard in Resources */,
				261057FF1F9FA06000CBF7B0 /* Partners.storyboard in Resources */,
				26DD82AA1F98C18B004DF7A8 /* sterilisation.png in Resources */,
				26A76B881F817D5700350D5F /* Poppins-Medium.ttf in Resources */,
				26152D711F9F2BC000DCFE1A /* Question.storyboard in Resources */,
				2616E52D1F8BD19F005C0A14 /* Sonica-Logo.tif in Resources */,
				2616E52F1F8BD1A5005C0A14 /* Sterimed-Logo.jpg in Resources */,
				261057FD1F9F57FC00CBF7B0 /* Vision.storyboard in Resources */,
			);
			runOnlyForDeploymentPostprocessing = 0;
		};
/* End PBXResourcesBuildPhase section */

/* Begin PBXShellScriptBuildPhase section */
		51D2F07DF980C024844E677F /* [CP] Copy Pods Resources */ = {
			isa = PBXShellScriptBuildPhase;
			buildActionMask = 2147483647;
			files = (
			);
			inputPaths = (
			);
			name = "[CP] Copy Pods Resources";
			outputPaths = (
			);
			runOnlyForDeploymentPostprocessing = 0;
			shellPath = /bin/sh;
			shellScript = "\"${SRCROOT}/Pods/Target Support Files/Pods-DND/Pods-DND-resources.sh\"\n";
			showEnvVarsInLog = 0;
		};
		6B9CD48380F97828CCB6BBBB /* [CP] Check Pods Manifest.lock */ = {
			isa = PBXShellScriptBuildPhase;
			buildActionMask = 2147483647;
			files = (
			);
			inputPaths = (
				"${PODS_PODFILE_DIR_PATH}/Podfile.lock",
				"${PODS_ROOT}/Manifest.lock",
			);
			name = "[CP] Check Pods Manifest.lock";
			outputPaths = (
				"$(DERIVED_FILE_DIR)/Pods-DND-checkManifestLockResult.txt",
			);
			runOnlyForDeploymentPostprocessing = 0;
			shellPath = /bin/sh;
			shellScript = "diff \"${PODS_PODFILE_DIR_PATH}/Podfile.lock\" \"${PODS_ROOT}/Manifest.lock\" > /dev/null\nif [ $? != 0 ] ; then\n    # print error to STDERR\n    echo \"error: The sandbox is not in sync with the Podfile.lock. Run 'pod install' or update your CocoaPods installation.\" >&2\n    exit 1\nfi\n# This output is used by Xcode 'outputs' to avoid re-running this script phase.\necho \"SUCCESS\" > \"${SCRIPT_OUTPUT_FILE_0}\"\n";
			showEnvVarsInLog = 0;
		};
		B2590B6BA23764519D1849F9 /* [CP] Embed Pods Frameworks */ = {
			isa = PBXShellScriptBuildPhase;
			buildActionMask = 2147483647;
			files = (
			);
			inputPaths = (
				"${SRCROOT}/Pods/Target Support Files/Pods-DND/Pods-DND-frameworks.sh",
				"${BUILT_PRODUCTS_DIR}/Alamofire/Alamofire.framework",
				"${BUILT_PRODUCTS_DIR}/AlamofireImage/AlamofireImage.framework",
				"${BUILT_PRODUCTS_DIR}/GoogleToolboxForMac/GoogleToolboxForMac.framework",
				"${BUILT_PRODUCTS_DIR}/Protobuf/Protobuf.framework",
				"${BUILT_PRODUCTS_DIR}/nanopb/nanopb.framework",
			);
			name = "[CP] Embed Pods Frameworks";
			outputPaths = (
				"${TARGET_BUILD_DIR}/${FRAMEWORKS_FOLDER_PATH}/Alamofire.framework",
				"${TARGET_BUILD_DIR}/${FRAMEWORKS_FOLDER_PATH}/AlamofireImage.framework",
				"${TARGET_BUILD_DIR}/${FRAMEWORKS_FOLDER_PATH}/GoogleToolboxForMac.framework",
				"${TARGET_BUILD_DIR}/${FRAMEWORKS_FOLDER_PATH}/Protobuf.framework",
				"${TARGET_BUILD_DIR}/${FRAMEWORKS_FOLDER_PATH}/nanopb.framework",
			);
			runOnlyForDeploymentPostprocessing = 0;
			shellPath = /bin/sh;
			shellScript = "\"${SRCROOT}/Pods/Target Support Files/Pods-DND/Pods-DND-frameworks.sh\"\n";
			showEnvVarsInLog = 0;
		};
/* End PBXShellScriptBuildPhase section */

/* Begin PBXSourcesBuildPhase section */
		26A76B5E1F81096600350D5F /* Sources */ = {
			isa = PBXSourcesBuildPhase;
			buildActionMask = 2147483647;
			files = (
				26392F3A1F8194EC00B3D05B /* Constants.swift in Sources */,
				26392F1A1F818E5400B3D05B /* OurWorkCell.swift in Sources */,
				26152D691F9E1D8300DCFE1A /* CBMMedicalVC.swift in Sources */,
				264E98D51F89122F007C0079 /* SeltecVC.swift in Sources */,
				26A76B661F81096600350D5F /* AppDelegate.swift in Sources */,
				26392F301F81939100B3D05B /* OurHistoryVC.swift in Sources */,
				26392F221F81919E00B3D05B /* OurWorkDetailsVC.swift in Sources */,
				26A76B821F81733500350D5F /* MainVC.swift in Sources */,
				26392F141F818BC300B3D05B /* ReachabilityFile.swift in Sources */,
				26392F0A1F81844E00B3D05B /* CallUsFile.swift in Sources */,
				26392F181F818DFA00B3D05B /* NewsCell.swift in Sources */,
				26392F121F818B9900B3D05B /* PartnersFile.swift in Sources */,
				26392F2E1F81930C00B3D05B /* LocationVC.swift in Sources */,
				26392F361F81944200B3D05B /* RegistrationVC.swift in Sources */,
				264E98D71F891253007C0079 /* PrintexVC.swift in Sources */,
				26392F1C1F8190C800B3D05B /* AboutUsDetailsVC.swift in Sources */,
				26392F2C1F81929300B3D05B /* ContactVC.swift in Sources */,
				26392F161F818DBB00B3D05B /* AboutUsCell.swift in Sources */,
				264C12751F8B6A20007BFD45 /* HawoVC.swift in Sources */,
				26392F101F818B7300B3D05B /* OurWorkFile.swift in Sources */,
				26392F0C1F818B2100B3D05B /* AboutUsFile.swift in Sources */,
				26392F1E1F8190EF00B3D05B /* AboutUsVC.swift in Sources */,
				26392F321F8193C500B3D05B /* OurPartnersVC.swift in Sources */,
				264E98D11F8911E8007C0079 /* BelintraVC.swift in Sources */,
				26392F381F81948100B3D05B /* SendQuestionVC.swift in Sources */,
				264C12771F8B6A67007BFD45 /* AmcorVC.swift in Sources */,
				264E98D31F89120A007C0079 /* SteelcoVC.swift in Sources */,
				26392F281F81920700B3D05B /* NewsVC.swift in Sources */,
				26392F2A1F81924E00B3D05B /* NewsDetailsVC.swift in Sources */,
				26392F201F81914B00B3D05B /* OurWorkVC.swift in Sources */,
				264E98CF1F891197007C0079 /* SterimedVC.swift in Sources */,
				26392F0E1F818B4500B3D05B /* NewsFile.swift in Sources */,
				26392F341F81941600B3D05B /* OurVisionVC.swift in Sources */,
			);
			runOnlyForDeploymentPostprocessing = 0;
		};
/* End PBXSourcesBuildPhase section */

/* Begin PBXVariantGroup section */
		26A76B691F81096600350D5F /* Main.storyboard */ = {
			isa = PBXVariantGroup;
			children = (
				26A76B6A1F81096600350D5F /* Base */,
			);
			name = Main.storyboard;
			path = DND;
			sourceTree = SOURCE_ROOT;
		};
		26A76B6E1F81096600350D5F /* LaunchScreen.storyboard */ = {
			isa = PBXVariantGroup;
			children = (
				26A76B6F1F81096600350D5F /* Base */,
			);
			name = LaunchScreen.storyboard;
			sourceTree = "<group>";
		};
/* End PBXVariantGroup section */

/* Begin XCBuildConfiguration section */
		26A76B721F81096600350D5F /* Debug */ = {
			isa = XCBuildConfiguration;
			buildSettings = {
				ALWAYS_SEARCH_USER_PATHS = NO;
				CLANG_ANALYZER_NONNULL = YES;
				CLANG_ANALYZER_NUMBER_OBJECT_CONVERSION = YES_AGGRESSIVE;
				CLANG_CXX_LANGUAGE_STANDARD = "gnu++14";
				CLANG_CXX_LIBRARY = "libc++";
				CLANG_ENABLE_MODULES = YES;
				CLANG_ENABLE_OBJC_ARC = YES;
				CLANG_WARN_BLOCK_CAPTURE_AUTORELEASING = YES;
				CLANG_WARN_BOOL_CONVERSION = YES;
				CLANG_WARN_COMMA = YES;
				CLANG_WARN_CONSTANT_CONVERSION = YES;
				CLANG_WARN_DIRECT_OBJC_ISA_USAGE = YES_ERROR;
				CLANG_WARN_DOCUMENTATION_COMMENTS = YES;
				CLANG_WARN_EMPTY_BODY = YES;
				CLANG_WARN_ENUM_CONVERSION = YES;
				CLANG_WARN_INFINITE_RECURSION = YES;
				CLANG_WARN_INT_CONVERSION = YES;
				CLANG_WARN_NON_LITERAL_NULL_CONVERSION = YES;
				CLANG_WARN_OBJC_LITERAL_CONVERSION = YES;
				CLANG_WARN_OBJC_ROOT_CLASS = YES_ERROR;
				CLANG_WARN_RANGE_LOOP_ANALYSIS = YES;
				CLANG_WARN_STRICT_PROTOTYPES = YES;
				CLANG_WARN_SUSPICIOUS_MOVE = YES;
				CLANG_WARN_UNGUARDED_AVAILABILITY = YES_AGGRESSIVE;
				CLANG_WARN_UNREACHABLE_CODE = YES;
				CLANG_WARN__DUPLICATE_METHOD_MATCH = YES;
				CODE_SIGN_IDENTITY = "iPhone Developer";
				COPY_PHASE_STRIP = NO;
				DEBUG_INFORMATION_FORMAT = dwarf;
				ENABLE_STRICT_OBJC_MSGSEND = YES;
				ENABLE_TESTABILITY = YES;
				GCC_C_LANGUAGE_STANDARD = gnu11;
				GCC_DYNAMIC_NO_PIC = NO;
				GCC_NO_COMMON_BLOCKS = YES;
				GCC_OPTIMIZATION_LEVEL = 0;
				GCC_PREPROCESSOR_DEFINITIONS = (
					"DEBUG=1",
					"$(inherited)",
				);
				GCC_WARN_64_TO_32_BIT_CONVERSION = YES;
				GCC_WARN_ABOUT_RETURN_TYPE = YES_ERROR;
				GCC_WARN_UNDECLARED_SELECTOR = YES;
				GCC_WARN_UNINITIALIZED_AUTOS = YES_AGGRESSIVE;
				GCC_WARN_UNUSED_FUNCTION = YES;
				GCC_WARN_UNUSED_VARIABLE = YES;
				IPHONEOS_DEPLOYMENT_TARGET = 11.0;
				MTL_ENABLE_DEBUG_INFO = YES;
				ONLY_ACTIVE_ARCH = YES;
				SDKROOT = iphoneos;
				SWIFT_ACTIVE_COMPILATION_CONDITIONS = DEBUG;
				SWIFT_OPTIMIZATION_LEVEL = "-Onone";
			};
			name = Debug;
		};
		26A76B731F81096600350D5F /* Release */ = {
			isa = XCBuildConfiguration;
			buildSettings = {
				ALWAYS_SEARCH_USER_PATHS = NO;
				CLANG_ANALYZER_NONNULL = YES;
				CLANG_ANALYZER_NUMBER_OBJECT_CONVERSION = YES_AGGRESSIVE;
				CLANG_CXX_LANGUAGE_STANDARD = "gnu++14";
				CLANG_CXX_LIBRARY = "libc++";
				CLANG_ENABLE_MODULES = YES;
				CLANG_ENABLE_OBJC_ARC = YES;
				CLANG_WARN_BLOCK_CAPTURE_AUTORELEASING = YES;
				CLANG_WARN_BOOL_CONVERSION = YES;
				CLANG_WARN_COMMA = YES;
				CLANG_WARN_CONSTANT_CONVERSION = YES;
				CLANG_WARN_DIRECT_OBJC_ISA_USAGE = YES_ERROR;
				CLANG_WARN_DOCUMENTATION_COMMENTS = YES;
				CLANG_WARN_EMPTY_BODY = YES;
				CLANG_WARN_ENUM_CONVERSION = YES;
				CLANG_WARN_INFINITE_RECURSION = YES;
				CLANG_WARN_INT_CONVERSION = YES;
				CLANG_WARN_NON_LITERAL_NULL_CONVERSION = YES;
				CLANG_WARN_OBJC_LITERAL_CONVERSION = YES;
				CLANG_WARN_OBJC_ROOT_CLASS = YES_ERROR;
				CLANG_WARN_RANGE_LOOP_ANALYSIS = YES;
				CLANG_WARN_STRICT_PROTOTYPES = YES;
				CLANG_WARN_SUSPICIOUS_MOVE = YES;
				CLANG_WARN_UNGUARDED_AVAILABILITY = YES_AGGRESSIVE;
				CLANG_WARN_UNREACHABLE_CODE = YES;
				CLANG_WARN__DUPLICATE_METHOD_MATCH = YES;
				CODE_SIGN_IDENTITY = "iPhone Developer";
				COPY_PHASE_STRIP = NO;
				DEBUG_INFORMATION_FORMAT = "dwarf-with-dsym";
				ENABLE_NS_ASSERTIONS = NO;
				ENABLE_STRICT_OBJC_MSGSEND = YES;
				GCC_C_LANGUAGE_STANDARD = gnu11;
				GCC_NO_COMMON_BLOCKS = YES;
				GCC_WARN_64_TO_32_BIT_CONVERSION = YES;
				GCC_WARN_ABOUT_RETURN_TYPE = YES_ERROR;
				GCC_WARN_UNDECLARED_SELECTOR = YES;
				GCC_WARN_UNINITIALIZED_AUTOS = YES_AGGRESSIVE;
				GCC_WARN_UNUSED_FUNCTION = YES;
				GCC_WARN_UNUSED_VARIABLE = YES;
				IPHONEOS_DEPLOYMENT_TARGET = 11.0;
				MTL_ENABLE_DEBUG_INFO = NO;
				SDKROOT = iphoneos;
				SWIFT_OPTIMIZATION_LEVEL = "-Owholemodule";
				VALIDATE_PRODUCT = YES;
			};
			name = Release;
		};
		26A76B751F81096600350D5F /* Debug */ = {
			isa = XCBuildConfiguration;
			baseConfigurationReference = 2E657093E0DE14119434FBAC /* Pods-DND.debug.xcconfig */;
			buildSettings = {
				ASSETCATALOG_COMPILER_APPICON_NAME = AppIcon;
				ASSETCATALOG_COMPILER_LAUNCHIMAGE_NAME = LaunchImage;
				CODE_SIGN_ENTITLEMENTS = DND/DND.entitlements;
				CODE_SIGN_STYLE = Automatic;
				DEVELOPMENT_TEAM = JBKZ5A8R37;
				INFOPLIST_FILE = DND/Info.plist;
				IPHONEOS_DEPLOYMENT_TARGET = 10.0;
				LD_RUNPATH_SEARCH_PATHS = "$(inherited) @executable_path/Frameworks";
				PRODUCT_BUNDLE_IDENTIFIER = com.hajora.DND;
				PRODUCT_NAME = "$(TARGET_NAME)";
				SWIFT_VERSION = 4.0;
				TARGETED_DEVICE_FAMILY = 1;
			};
			name = Debug;
		};
		26A76B761F81096600350D5F /* Release */ = {
			isa = XCBuildConfiguration;
			baseConfigurationReference = 41F6DDF8C03CABF001FB1FD8 /* Pods-DND.release.xcconfig */;
			buildSettings = {
				ASSETCATALOG_COMPILER_APPICON_NAME = AppIcon;
				ASSETCATALOG_COMPILER_LAUNCHIMAGE_NAME = LaunchImage;
				CODE_SIGN_ENTITLEMENTS = DND/DND.entitlements;
				CODE_SIGN_STYLE = Automatic;
				DEVELOPMENT_TEAM = JBKZ5A8R37;
				INFOPLIST_FILE = DND/Info.plist;
				IPHONEOS_DEPLOYMENT_TARGET = 10.0;
				LD_RUNPATH_SEARCH_PATHS = "$(inherited) @executable_path/Frameworks";
				PRODUCT_BUNDLE_IDENTIFIER = com.hajora.DND;
				PRODUCT_NAME = "$(TARGET_NAME)";
				SWIFT_VERSION = 4.0;
				TARGETED_DEVICE_FAMILY = 1;
			};
			name = Release;
		};
/* End XCBuildConfiguration section */

/* Begin XCConfigurationList section */
		26A76B5D1F81096600350D5F /* Build configuration list for PBXProject "DND" */ = {
			isa = XCConfigurationList;
			buildConfigurations = (
				26A76B721F81096600350D5F /* Debug */,
				26A76B731F81096600350D5F /* Release */,
			);
			defaultConfigurationIsVisible = 0;
			defaultConfigurationName = Release;
		};
		26A76B741F81096600350D5F /* Build configuration list for PBXNativeTarget "DND" */ = {
			isa = XCConfigurationList;
			buildConfigurations = (
				26A76B751F81096600350D5F /* Debug */,
				26A76B761F81096600350D5F /* Release */,
			);
			defaultConfigurationIsVisible = 0;
			defaultConfigurationName = Release;
		};
/* End XCConfigurationList section */
	};
	rootObject = 26A76B5A1F81096600350D5F /* Project object */;
}
